
Microsoft Visual Studio Solution File, Format Version 12.00
# Visual Studio 15
VisualStudioVersion = 15.0.27703.2026
MinimumVisualStudioVersion = 10.0.40219.1
Project("{FAE04EC0-301F-11D3-BF4B-00C04F79EFBC}") = "Server", "Server\Server.csproj", "{ABBB32DE-4B34-4B19-A8C1-FD847883A944}"
EndProject
Project("{FAE04EC0-301F-11D3-BF4B-00C04F79EFBC}") = "FightLandlordServer", "FightLandlordServer\FightLandlordServer.csproj", "{9D2C677F-C679-44DE-8AC1-2F45BCD8EA4F}"
EndProject
Project("{FAE04EC0-301F-11D3-BF4B-00C04F79EFBC}") = "Protocol", "Protocol\Protocol.csproj", "{0EFE3C7A-3409-4EB9-9A92-02FC5D18EE43}"
EndProject
Global
	GlobalSection(SolutionConfigurationPlatforms) = preSolution
		Debug|Any CPU = Debug|Any CPU
		Release|Any CPU = Release|Any CPU
	EndGlobalSection
	GlobalSection(ProjectConfigurationPlatforms) = postSolution
		{ABBB32DE-4B34-4B19-A8C1-FD847883A944}.Debug|Any CPU.ActiveCfg = Debug|Any CPU
		{ABBB32DE-4B34-4B19-A8C1-FD847883A944}.Debug|Any CPU.Build.0 = Debug|Any CPU
		{ABBB32DE-4B34-4B19-A8C1-FD847883A944}.Release|Any CPU.ActiveCfg = Release|Any CPU
		{ABBB32DE-4B34-4B19-A8C1-FD847883A944}.Release|Any CPU.Build.0 = Release|Any CPU
		{9D2C677F-C679-44DE-8AC1-2F45BCD8EA4F}.Debug|Any CPU.ActiveCfg = Debug|Any CPU
		{9D2C677F-C679-44DE-8AC1-2F45BCD8EA4F}.Debug|Any CPU.Build.0 = Debug|Any CPU
		{9D2C677F-C679-44DE-8AC1-2F45BCD8EA4F}.Release|Any CPU.ActiveCfg = Release|Any CPU
		{9D2C677F-C679-44DE-8AC1-2F45BCD8EA4F}.Release|Any CPU.Build.0 = Release|Any CPU
		{0EFE3C7A-3409-4EB9-9A92-02FC5D18EE43}.Debug|Any CPU.ActiveCfg = Debug|Any CPU
		{0EFE3C7A-3409-4EB9-9A92-02FC5D18EE43}.Debug|Any CPU.Build.0 = Debug|Any CPU
		{0EFE3C7A-3409-4EB9-9A92-02FC5D18EE43}.Release|Any CPU.ActiveCfg = Release|Any CPU
		{0EFE3C7A-3409-4EB9-9A92-02FC5D18EE43}.Release|Any CPU.Build.0 = Release|Any CPU
	EndGlobalSection
	GlobalSection(SolutionProperties) = preSolution
		HideSolutionNode = FALSE
	EndGlobalSection
	GlobalSection(ExtensibilityGlobals) = postSolution
		SolutionGuid = {BEE985FF-AF73-484E-A2CE-7FFB7BF42DC1}
	EndGlobalSection
EndGlobal
